
Microsoft Visual Studio Solution File, Format Version 12.00
# Visual Studio Version 17
VisualStudioVersion = 17.8.34330.188
MinimumVisualStudioVersion = 10.0.40219.1
Project("{9A19103F-16F7-4668-BE54-9A1E7A4F7556}") = "C# Basics", "C# Basics\C# Basics.csproj", "{AA4FC951-C9F1-40A3-A39B-8674CA89651D}"
EndProject
Project("{FAE04EC0-301F-11D3-BF4B-00C04F79EFBC}") = "OOPs", "OOPs\OOPs.csproj", "{07E9FD06-0E1F-45D2-85DF-36FCB362C344}"
EndProject
Global
	GlobalSection(SolutionConfigurationPlatforms) = preSolution
		Debug|Any CPU = Debug|Any CPU
		Release|Any CPU = Release|Any CPU
	EndGlobalSection
	GlobalSection(ProjectConfigurationPlatforms) = postSolution
		{AA4FC951-C9F1-40A3-A39B-8674CA89651D}.Debug|Any CPU.ActiveCfg = Debug|Any CPU
		{AA4FC951-C9F1-40A3-A39B-8674CA89651D}.Debug|Any CPU.Build.0 = Debug|Any CPU
		{AA4FC951-C9F1-40A3-A39B-8674CA89651D}.Release|Any CPU.ActiveCfg = Release|Any CPU
		{AA4FC951-C9F1-40A3-A39B-8674CA89651D}.Release|Any CPU.Build.0 = Release|Any CPU
		{07E9FD06-0E1F-45D2-85DF-36FCB362C344}.Debug|Any CPU.ActiveCfg = Debug|Any CPU
		{07E9FD06-0E1F-45D2-85DF-36FCB362C344}.Debug|Any CPU.Build.0 = Debug|Any CPU
		{07E9FD06-0E1F-45D2-85DF-36FCB362C344}.Release|Any CPU.ActiveCfg = Release|Any CPU
		{07E9FD06-0E1F-45D2-85DF-36FCB362C344}.Release|Any CPU.Build.0 = Release|Any CPU
	EndGlobalSection
	GlobalSection(SolutionProperties) = preSolution
		HideSolutionNode = FALSE
	EndGlobalSection
	GlobalSection(ExtensibilityGlobals) = postSolution
		SolutionGuid = {B9099734-45D6-4F88-9B98-6F73607205FB}
	EndGlobalSection
EndGlobal
